
Microsoft Visual Studio Solution File, Format Version 12.00
# Visual Studio Version 17
VisualStudioVersion = 17.7.34031.279
MinimumVisualStudioVersion = 10.0.40219.1
Project("{FAE04EC0-301F-11D3-BF4B-00C04F79EFBC}") = "ArrayPractice", "ArrayPractice\ArrayPractice.csproj", "{815B31C2-D929-4121-8269-D2B3F7BF0EE1}"
EndProject
Global
	GlobalSection(SolutionConfigurationPlatforms) = preSolution
		Debug|Any CPU = Debug|Any CPU
		Release|Any CPU = Release|Any CPU
	EndGlobalSection
	GlobalSection(ProjectConfigurationPlatforms) = postSolution
		{815B31C2-D929-4121-8269-D2B3F7BF0EE1}.Debug|Any CPU.ActiveCfg = Debug|Any CPU
		{815B31C2-D929-4121-8269-D2B3F7BF0EE1}.Debug|Any CPU.Build.0 = Debug|Any CPU
		{815B31C2-D929-4121-8269-D2B3F7BF0EE1}.Release|Any CPU.ActiveCfg = Release|Any CPU
		{815B31C2-D929-4121-8269-D2B3F7BF0EE1}.Release|Any CPU.Build.0 = Release|Any CPU
	EndGlobalSection
	GlobalSection(SolutionProperties) = preSolution
		HideSolutionNode = FALSE
	EndGlobalSection
	GlobalSection(ExtensibilityGlobals) = postSolution
		SolutionGuid = {8BEE14AC-3531-479E-AF20-68EF0FA93A4E}
	EndGlobalSection
EndGlobal
